
Microsoft Visual Studio Solution File, Format Version 12.00
# Visual Studio Version 16
VisualStudioVersion = 16.0.28803.156
MinimumVisualStudioVersion = 10.0.40219.1
Project("{FAE04EC0-301F-11D3-BF4B-00C04F79EFBC}") = "youtube2music", "youtube2music\youtube2music.csproj", "{BE6E46A3-5F60-4EEF-9E2F-43DC3A3B6D30}"
EndProject
Project("{54435603-DBB4-11D2-8724-00A0C9A8B90C}") = "youtube2music_installer", "youtube2music_installer\youtube2music_installer.vdproj", "{86B47D67-8393-4CEF-8E6B-FA8178A97BD4}"
EndProject
Global
	GlobalSection(SolutionConfigurationPlatforms) = preSolution
		Debug|Any CPU = Debug|Any CPU
		Release|Any CPU = Release|Any CPU
	EndGlobalSection
	GlobalSection(ProjectConfigurationPlatforms) = postSolution
		{BE6E46A3-5F60-4EEF-9E2F-43DC3A3B6D30}.Debug|Any CPU.ActiveCfg = Debug|Any CPU
		{BE6E46A3-5F60-4EEF-9E2F-43DC3A3B6D30}.Debug|Any CPU.Build.0 = Debug|Any CPU
		{BE6E46A3-5F60-4EEF-9E2F-43DC3A3B6D30}.Release|Any CPU.ActiveCfg = Release|Any CPU
		{BE6E46A3-5F60-4EEF-9E2F-43DC3A3B6D30}.Release|Any CPU.Build.0 = Release|Any CPU
		{86B47D67-8393-4CEF-8E6B-FA8178A97BD4}.Debug|Any CPU.ActiveCfg = Debug
		{86B47D67-8393-4CEF-8E6B-FA8178A97BD4}.Release|Any CPU.ActiveCfg = Release
	EndGlobalSection
	GlobalSection(SolutionProperties) = preSolution
		HideSolutionNode = FALSE
	EndGlobalSection
	GlobalSection(ExtensibilityGlobals) = postSolution
		SolutionGuid = {713AC06F-509F-4EAD-BC57-FA5C4F7B617B}
	EndGlobalSection
EndGlobal
